{
  "name": "redis-tagged-cache",
  "version": "1.0.2",
  "lockfileVersion": 1,
  "requires": true,
  "dependencies": {
    "lodash": {
      "version": "4.17.20",
      "resolved": "https://registry.npmjs.org/lodash/-/lodash-4.17.20.tgz",
      "integrity": "sha512-PlhdFcillOINfeV7Ni6oF1TAEayyZBoZ8bcshTHqOYJYlrqzRK5hagpagky5o4HfCzzd1TRkXPMFq6cKk9rGmA=="
    },
    "util-promisifyall": {
      "version": "1.0.6",
      "resolved": "https://registry.npmjs.org/util-promisifyall/-/util-promisifyall-1.0.6.tgz",
      "integrity": "sha512-l+o62sbaqStC1xt7oEhlafC4jWBgkOjBXvlPwxkvOYmNqpY8dNXuKdOa+VHjkYz2Fw98e0HvJtNKUg0+6hfP2w=="
    }
  }
}
